
Microsoft Visual Studio Solution File, Format Version 12.00
# Visual Studio Version 17
VisualStudioVersion = 17.14.36414.22
MinimumVisualStudioVersion = 10.0.40219.1
Project("{2150E333-8FDC-42A3-9474-1A3956D46DE8}") = "Service", "Service", "{9AEB9C40-CE11-44C5-B659-29C1AB9687A3}"
EndProject
Project("{2150E333-8FDC-42A3-9474-1A3956D46DE8}") = "Catelog", "Catelog", "{48C7CF88-2014-4728-9451-90676F757270}"
EndProject
Project("{2150E333-8FDC-42A3-9474-1A3956D46DE8}") = "BuidingBlocks", "BuidingBlocks", "{02EA681E-C7D8-13C7-8484-4AC65E1B71E8}"
EndProject
Project("{FAE04EC0-301F-11D3-BF4B-00C04F79EFBC}") = "buildingBlock", "BuildingBlocks\buildingBlock\buildingBlock.csproj", "{E9EF5018-3DEC-4A5B-96C0-CBA560FF954A}"
EndProject
Project("{FAE04EC0-301F-11D3-BF4B-00C04F79EFBC}") = "catelogs.API", "Service\Catelog\catelogs.API\catelogs.API.csproj", "{CD7A21C5-CEC4-4E42-AA43-FECEBF9800E8}"
EndProject
Project("{E53339B2-1760-4266-BCC7-CA923CBCF16C}") = "docker-compose", "docker-compose.dcproj", "{81DDED9D-158B-E303-5F62-77A2896D2A5A}"
EndProject
Project("{2150E333-8FDC-42A3-9474-1A3956D46DE8}") = "Basket", "Basket", "{98D6AF45-95B3-457E-A6F3-F03B8DB3ED02}"
EndProject
Project("{FAE04EC0-301F-11D3-BF4B-00C04F79EFBC}") = "basket.API", "Service\Basket\basket.API\basket.API.csproj", "{58A91E78-DC7D-4B7F-BC39-2173081D57FB}"
EndProject
Project("{2150E333-8FDC-42A3-9474-1A3956D46DE8}") = "Discount", "Discount", "{835ADE64-57DC-4C97-97A4-12B01189EDE5}"
EndProject
Project("{FAE04EC0-301F-11D3-BF4B-00C04F79EFBC}") = "discount.API", "Service\Discount\discount.API\discount.API.csproj", "{78D57146-3671-48EA-8B93-552BB7F442CD}"
EndProject
Project("{2150E333-8FDC-42A3-9474-1A3956D46DE8}") = "Order", "Order", "{E7A36655-4B0D-4AE1-BDC2-C56D26188083}"
EndProject
Project("{FAE04EC0-301F-11D3-BF4B-00C04F79EFBC}") = "order.API", "Service\Order\order.API\order.API.csproj", "{705C8C4A-D640-4529-9615-8DC5BF951ABE}"
EndProject
Project("{FAE04EC0-301F-11D3-BF4B-00C04F79EFBC}") = "order.Application", "Service\Order\order.Application\order.Application.csproj", "{0A8D38B9-EA13-49AE-9236-D8DCE2FB6967}"
EndProject
Project("{FAE04EC0-301F-11D3-BF4B-00C04F79EFBC}") = "order.Domain", "Service\Order\order.Domain\order.Domain.csproj", "{4E6A5A25-799A-4313-9F78-5A997A7DD392}"
EndProject
Project("{FAE04EC0-301F-11D3-BF4B-00C04F79EFBC}") = "order.Infrastructure", "Service\Order\order.Infrastructure\order.Infrastructure.csproj", "{3193EA1D-42DD-4465-85AB-EF61EF0688A5}"
EndProject
Project("{FAE04EC0-301F-11D3-BF4B-00C04F79EFBC}") = "buildingBlock.Messaging", "BuildingBlocks\buildingBlock.Messaging\buildingBlock.Messaging.csproj", "{9B79C45B-5B44-4759-9BC8-04551AFA9EAD}"
EndProject
Project("{2150E333-8FDC-42A3-9474-1A3956D46DE8}") = "ApiGateway", "ApiGateway", "{E8B66FAD-CBE7-43F8-84B7-51F45393B0F7}"
EndProject
Project("{FAE04EC0-301F-11D3-BF4B-00C04F79EFBC}") = "pizza_shop.gateway", "ApiGateway\pizza_shop.gateway\pizza_shop.gateway.csproj", "{000D0BE1-3D15-4259-A0A2-1F7A290EEF38}"
EndProject
Project("{2150E333-8FDC-42A3-9474-1A3956D46DE8}") = "Inventory", "Inventory", "{53D6F706-8EA4-492E-9A31-F6A8AA00C93A}"
EndProject
Project("{FAE04EC0-301F-11D3-BF4B-00C04F79EFBC}") = "inventory.API", "Service\Inventory\inventory.API\inventory.API.csproj", "{2C70A42A-72D6-4BB6-A3BC-3C50BBF85FCE}"
EndProject
Project("{FAE04EC0-301F-11D3-BF4B-00C04F79EFBC}") = "inventory.Infrastructure", "Service\Inventory\inventory.Infrastructure\inventory.Infrastructure.csproj", "{B1B6FD11-93A8-4EE4-A053-5C3117200BDF}"
EndProject
Project("{FAE04EC0-301F-11D3-BF4B-00C04F79EFBC}") = "inventory.Application", "Service\Inventory\inventory.Application\inventory.Application.csproj", "{3FE86031-6FC7-4F89-9CC3-1762B05A8451}"
EndProject
Project("{FAE04EC0-301F-11D3-BF4B-00C04F79EFBC}") = "inventory.Domain", "Service\Inventory\inventory.Domain\inventory.Domain.csproj", "{C0064827-EB4B-4580-9AC7-5F1668D72E1D}"
EndProject
Project("{2150E333-8FDC-42A3-9474-1A3956D46DE8}") = "Documents", "Documents", "{AFFDF5D0-3A9B-4C83-893C-0EB34273D1B5}"
	ProjectSection(SolutionItems) = preProject
		UseCases.txt = UseCases.txt
	EndProjectSection
EndProject
Project("{2150E333-8FDC-42A3-9474-1A3956D46DE8}") = "SagaOrchestration", "SagaOrchestration", "{C72FFAEE-54FA-4DAD-884B-B6A9DD4B2B6A}"
EndProject
Project("{FAE04EC0-301F-11D3-BF4B-00C04F79EFBC}") = "StateMachine", "SagaOrchestration\StateMachine\StateMachine.csproj", "{40493754-E0AB-4FAD-A1FD-E3AEA4834E01}"
EndProject
Project("{2150E333-8FDC-42A3-9474-1A3956D46DE8}") = "SagaOrchestrationWorker", "SagaOrchestrationWorker", "{3AB1DEE9-70B6-4AE0-A892-A350B0FB14FE}"
EndProject
Project("{FAE04EC0-301F-11D3-BF4B-00C04F79EFBC}") = "SagaStateMachine", "SagaOrchestrationWorker\SagaStateMachine\SagaStateMachine.csproj", "{AC1731AD-D1D8-461A-B062-D16E8D9E2DD2}"
EndProject
Project("{2150E333-8FDC-42A3-9474-1A3956D46DE8}") = "Auth", "Auth", "{46BAB987-D4E6-4D0A-A31F-1ECD5B6F005C}"
EndProject
Project("{FAE04EC0-301F-11D3-BF4B-00C04F79EFBC}") = "authentication.API", "Service\Auth\authentication.API\authentication.API.csproj", "{2F96DA5B-5ED9-42CE-989B-13BF05FFD035}"
EndProject
Global
	GlobalSection(SolutionConfigurationPlatforms) = preSolution
		Debug|Any CPU = Debug|Any CPU
		Release|Any CPU = Release|Any CPU
	EndGlobalSection
	GlobalSection(ProjectConfigurationPlatforms) = postSolution
		{E9EF5018-3DEC-4A5B-96C0-CBA560FF954A}.Debug|Any CPU.ActiveCfg = Debug|Any CPU
		{E9EF5018-3DEC-4A5B-96C0-CBA560FF954A}.Debug|Any CPU.Build.0 = Debug|Any CPU
		{E9EF5018-3DEC-4A5B-96C0-CBA560FF954A}.Release|Any CPU.ActiveCfg = Release|Any CPU
		{E9EF5018-3DEC-4A5B-96C0-CBA560FF954A}.Release|Any CPU.Build.0 = Release|Any CPU
		{CD7A21C5-CEC4-4E42-AA43-FECEBF9800E8}.Debug|Any CPU.ActiveCfg = Debug|Any CPU
		{CD7A21C5-CEC4-4E42-AA43-FECEBF9800E8}.Debug|Any CPU.Build.0 = Debug|Any CPU
		{CD7A21C5-CEC4-4E42-AA43-FECEBF9800E8}.Release|Any CPU.ActiveCfg = Release|Any CPU
		{CD7A21C5-CEC4-4E42-AA43-FECEBF9800E8}.Release|Any CPU.Build.0 = Release|Any CPU
		{81DDED9D-158B-E303-5F62-77A2896D2A5A}.Debug|Any CPU.ActiveCfg = Debug|Any CPU
		{81DDED9D-158B-E303-5F62-77A2896D2A5A}.Debug|Any CPU.Build.0 = Debug|Any CPU
		{81DDED9D-158B-E303-5F62-77A2896D2A5A}.Release|Any CPU.ActiveCfg = Release|Any CPU
		{81DDED9D-158B-E303-5F62-77A2896D2A5A}.Release|Any CPU.Build.0 = Release|Any CPU
		{58A91E78-DC7D-4B7F-BC39-2173081D57FB}.Debug|Any CPU.ActiveCfg = Debug|Any CPU
		{58A91E78-DC7D-4B7F-BC39-2173081D57FB}.Debug|Any CPU.Build.0 = Debug|Any CPU
		{58A91E78-DC7D-4B7F-BC39-2173081D57FB}.Release|Any CPU.ActiveCfg = Release|Any CPU
		{58A91E78-DC7D-4B7F-BC39-2173081D57FB}.Release|Any CPU.Build.0 = Release|Any CPU
		{78D57146-3671-48EA-8B93-552BB7F442CD}.Debug|Any CPU.ActiveCfg = Debug|Any CPU
		{78D57146-3671-48EA-8B93-552BB7F442CD}.Debug|Any CPU.Build.0 = Debug|Any CPU
		{78D57146-3671-48EA-8B93-552BB7F442CD}.Release|Any CPU.ActiveCfg = Release|Any CPU
		{78D57146-3671-48EA-8B93-552BB7F442CD}.Release|Any CPU.Build.0 = Release|Any CPU
		{705C8C4A-D640-4529-9615-8DC5BF951ABE}.Debug|Any CPU.ActiveCfg = Debug|Any CPU
		{705C8C4A-D640-4529-9615-8DC5BF951ABE}.Debug|Any CPU.Build.0 = Debug|Any CPU
		{705C8C4A-D640-4529-9615-8DC5BF951ABE}.Release|Any CPU.ActiveCfg = Release|Any CPU
		{705C8C4A-D640-4529-9615-8DC5BF951ABE}.Release|Any CPU.Build.0 = Release|Any CPU
		{0A8D38B9-EA13-49AE-9236-D8DCE2FB6967}.Debug|Any CPU.ActiveCfg = Debug|Any CPU
		{0A8D38B9-EA13-49AE-9236-D8DCE2FB6967}.Debug|Any CPU.Build.0 = Debug|Any CPU
		{0A8D38B9-EA13-49AE-9236-D8DCE2FB6967}.Release|Any CPU.ActiveCfg = Release|Any CPU
		{0A8D38B9-EA13-49AE-9236-D8DCE2FB6967}.Release|Any CPU.Build.0 = Release|Any CPU
		{4E6A5A25-799A-4313-9F78-5A997A7DD392}.Debug|Any CPU.ActiveCfg = Debug|Any CPU
		{4E6A5A25-799A-4313-9F78-5A997A7DD392}.Debug|Any CPU.Build.0 = Debug|Any CPU
		{4E6A5A25-799A-4313-9F78-5A997A7DD392}.Release|Any CPU.ActiveCfg = Release|Any CPU
		{4E6A5A25-799A-4313-9F78-5A997A7DD392}.Release|Any CPU.Build.0 = Release|Any CPU
		{3193EA1D-42DD-4465-85AB-EF61EF0688A5}.Debug|Any CPU.ActiveCfg = Debug|Any CPU
		{3193EA1D-42DD-4465-85AB-EF61EF0688A5}.Debug|Any CPU.Build.0 = Debug|Any CPU
		{3193EA1D-42DD-4465-85AB-EF61EF0688A5}.Release|Any CPU.ActiveCfg = Release|Any CPU
		{3193EA1D-42DD-4465-85AB-EF61EF0688A5}.Release|Any CPU.Build.0 = Release|Any CPU
		{9B79C45B-5B44-4759-9BC8-04551AFA9EAD}.Debug|Any CPU.ActiveCfg = Debug|Any CPU
		{9B79C45B-5B44-4759-9BC8-04551AFA9EAD}.Debug|Any CPU.Build.0 = Debug|Any CPU
		{9B79C45B-5B44-4759-9BC8-04551AFA9EAD}.Release|Any CPU.ActiveCfg = Release|Any CPU
		{9B79C45B-5B44-4759-9BC8-04551AFA9EAD}.Release|Any CPU.Build.0 = Release|Any CPU
		{000D0BE1-3D15-4259-A0A2-1F7A290EEF38}.Debug|Any CPU.ActiveCfg = Debug|Any CPU
		{000D0BE1-3D15-4259-A0A2-1F7A290EEF38}.Debug|Any CPU.Build.0 = Debug|Any CPU
		{000D0BE1-3D15-4259-A0A2-1F7A290EEF38}.Release|Any CPU.ActiveCfg = Release|Any CPU
		{000D0BE1-3D15-4259-A0A2-1F7A290EEF38}.Release|Any CPU.Build.0 = Release|Any CPU
		{2C70A42A-72D6-4BB6-A3BC-3C50BBF85FCE}.Debug|Any CPU.ActiveCfg = Debug|Any CPU
		{2C70A42A-72D6-4BB6-A3BC-3C50BBF85FCE}.Debug|Any CPU.Build.0 = Debug|Any CPU
		{2C70A42A-72D6-4BB6-A3BC-3C50BBF85FCE}.Release|Any CPU.ActiveCfg = Release|Any CPU
		{2C70A42A-72D6-4BB6-A3BC-3C50BBF85FCE}.Release|Any CPU.Build.0 = Release|Any CPU
		{B1B6FD11-93A8-4EE4-A053-5C3117200BDF}.Debug|Any CPU.ActiveCfg = Debug|Any CPU
		{B1B6FD11-93A8-4EE4-A053-5C3117200BDF}.Debug|Any CPU.Build.0 = Debug|Any CPU
		{B1B6FD11-93A8-4EE4-A053-5C3117200BDF}.Release|Any CPU.ActiveCfg = Release|Any CPU
		{B1B6FD11-93A8-4EE4-A053-5C3117200BDF}.Release|Any CPU.Build.0 = Release|Any CPU
		{3FE86031-6FC7-4F89-9CC3-1762B05A8451}.Debug|Any CPU.ActiveCfg = Debug|Any CPU
		{3FE86031-6FC7-4F89-9CC3-1762B05A8451}.Debug|Any CPU.Build.0 = Debug|Any CPU
		{3FE86031-6FC7-4F89-9CC3-1762B05A8451}.Release|Any CPU.ActiveCfg = Release|Any CPU
		{3FE86031-6FC7-4F89-9CC3-1762B05A8451}.Release|Any CPU.Build.0 = Release|Any CPU
		{C0064827-EB4B-4580-9AC7-5F1668D72E1D}.Debug|Any CPU.ActiveCfg = Debug|Any CPU
		{C0064827-EB4B-4580-9AC7-5F1668D72E1D}.Debug|Any CPU.Build.0 = Debug|Any CPU
		{C0064827-EB4B-4580-9AC7-5F1668D72E1D}.Release|Any CPU.ActiveCfg = Release|Any CPU
		{C0064827-EB4B-4580-9AC7-5F1668D72E1D}.Release|Any CPU.Build.0 = Release|Any CPU
		{40493754-E0AB-4FAD-A1FD-E3AEA4834E01}.Debug|Any CPU.ActiveCfg = Debug|Any CPU
		{40493754-E0AB-4FAD-A1FD-E3AEA4834E01}.Debug|Any CPU.Build.0 = Debug|Any CPU
		{40493754-E0AB-4FAD-A1FD-E3AEA4834E01}.Release|Any CPU.ActiveCfg = Release|Any CPU
		{40493754-E0AB-4FAD-A1FD-E3AEA4834E01}.Release|Any CPU.Build.0 = Release|Any CPU
		{AC1731AD-D1D8-461A-B062-D16E8D9E2DD2}.Debug|Any CPU.ActiveCfg = Debug|Any CPU
		{AC1731AD-D1D8-461A-B062-D16E8D9E2DD2}.Debug|Any CPU.Build.0 = Debug|Any CPU
		{AC1731AD-D1D8-461A-B062-D16E8D9E2DD2}.Release|Any CPU.ActiveCfg = Release|Any CPU
		{AC1731AD-D1D8-461A-B062-D16E8D9E2DD2}.Release|Any CPU.Build.0 = Release|Any CPU
		{2F96DA5B-5ED9-42CE-989B-13BF05FFD035}.Debug|Any CPU.ActiveCfg = Debug|Any CPU
		{2F96DA5B-5ED9-42CE-989B-13BF05FFD035}.Debug|Any CPU.Build.0 = Debug|Any CPU
		{2F96DA5B-5ED9-42CE-989B-13BF05FFD035}.Release|Any CPU.ActiveCfg = Release|Any CPU
		{2F96DA5B-5ED9-42CE-989B-13BF05FFD035}.Release|Any CPU.Build.0 = Release|Any CPU
	EndGlobalSection
	GlobalSection(SolutionProperties) = preSolution
		HideSolutionNode = FALSE
	EndGlobalSection
	GlobalSection(NestedProjects) = preSolution
		{48C7CF88-2014-4728-9451-90676F757270} = {9AEB9C40-CE11-44C5-B659-29C1AB9687A3}
		{E9EF5018-3DEC-4A5B-96C0-CBA560FF954A} = {02EA681E-C7D8-13C7-8484-4AC65E1B71E8}
		{CD7A21C5-CEC4-4E42-AA43-FECEBF9800E8} = {48C7CF88-2014-4728-9451-90676F757270}
		{98D6AF45-95B3-457E-A6F3-F03B8DB3ED02} = {9AEB9C40-CE11-44C5-B659-29C1AB9687A3}
		{58A91E78-DC7D-4B7F-BC39-2173081D57FB} = {98D6AF45-95B3-457E-A6F3-F03B8DB3ED02}
		{835ADE64-57DC-4C97-97A4-12B01189EDE5} = {9AEB9C40-CE11-44C5-B659-29C1AB9687A3}
		{78D57146-3671-48EA-8B93-552BB7F442CD} = {835ADE64-57DC-4C97-97A4-12B01189EDE5}
		{E7A36655-4B0D-4AE1-BDC2-C56D26188083} = {9AEB9C40-CE11-44C5-B659-29C1AB9687A3}
		{705C8C4A-D640-4529-9615-8DC5BF951ABE} = {E7A36655-4B0D-4AE1-BDC2-C56D26188083}
		{0A8D38B9-EA13-49AE-9236-D8DCE2FB6967} = {E7A36655-4B0D-4AE1-BDC2-C56D26188083}
		{4E6A5A25-799A-4313-9F78-5A997A7DD392} = {E7A36655-4B0D-4AE1-BDC2-C56D26188083}
		{3193EA1D-42DD-4465-85AB-EF61EF0688A5} = {E7A36655-4B0D-4AE1-BDC2-C56D26188083}
		{9B79C45B-5B44-4759-9BC8-04551AFA9EAD} = {02EA681E-C7D8-13C7-8484-4AC65E1B71E8}
		{000D0BE1-3D15-4259-A0A2-1F7A290EEF38} = {E8B66FAD-CBE7-43F8-84B7-51F45393B0F7}
		{53D6F706-8EA4-492E-9A31-F6A8AA00C93A} = {9AEB9C40-CE11-44C5-B659-29C1AB9687A3}
		{2C70A42A-72D6-4BB6-A3BC-3C50BBF85FCE} = {53D6F706-8EA4-492E-9A31-F6A8AA00C93A}
		{B1B6FD11-93A8-4EE4-A053-5C3117200BDF} = {53D6F706-8EA4-492E-9A31-F6A8AA00C93A}
		{3FE86031-6FC7-4F89-9CC3-1762B05A8451} = {53D6F706-8EA4-492E-9A31-F6A8AA00C93A}
		{C0064827-EB4B-4580-9AC7-5F1668D72E1D} = {53D6F706-8EA4-492E-9A31-F6A8AA00C93A}
		{40493754-E0AB-4FAD-A1FD-E3AEA4834E01} = {C72FFAEE-54FA-4DAD-884B-B6A9DD4B2B6A}
		{AC1731AD-D1D8-461A-B062-D16E8D9E2DD2} = {3AB1DEE9-70B6-4AE0-A892-A350B0FB14FE}
		{46BAB987-D4E6-4D0A-A31F-1ECD5B6F005C} = {9AEB9C40-CE11-44C5-B659-29C1AB9687A3}
		{2F96DA5B-5ED9-42CE-989B-13BF05FFD035} = {46BAB987-D4E6-4D0A-A31F-1ECD5B6F005C}
	EndGlobalSection
	GlobalSection(ExtensibilityGlobals) = postSolution
		SolutionGuid = {286C5C2F-8B98-489D-AB53-BF15E2BF5913}
	EndGlobalSection
EndGlobal
